PODS:
  - CocoaLumberjack (1.9.2):
    - CocoaLumberjack/Extensions (= 1.9.2)
  - CocoaLumberjack/Core (1.9.2)
  - CocoaLumberjack/Extensions (1.9.2):
    - CocoaLumberjack/Core
  - CSSSelectorConverter (1.2.1):
    - CocoaLumberjack (~> 1.9.0)
    - NUIParse
  - IGHTMLQuery/Ruby (0.8.3):
    - CSSSelectorConverter (>= 1.2.0)
    - JavaScriptCoreOpalAdditions (>= 0.3.1)
  - JavaScriptCoreOpalAdditions (0.3.1):
    - ObjectiveSugar (~> 1.1.0)
  - Kiwi (2.3.1)
  - NUIParse (1.2.1)
  - ObjectiveSugar (1.1.0)

DEPENDENCIES:
  - IGHTMLQuery/Ruby (>= 0.8.3)
  - JavaScriptCoreOpalAdditions (>= 0.2.4)
  - Kiwi

SPEC CHECKSUMS:
  CocoaLumberjack: 205769c032b5fef85b92472046bcc8b7e7c8a817
  CSSSelectorConverter: 0fda7454165e40e668dd297b44cdb1c341cd53ae
  IGHTMLQuery: b1c127bb1a37a8ebeff1c688c73d6e7d98bab43b
  JavaScriptCoreOpalAdditions: 03fedeb053ad5ef8704bf1dff4a490bab2c47161
  Kiwi: 73e1400209055ee9c8ba78c6012b6b642d0fb9f7
  NUIParse: f29eb240cfc9848b216c827884f37ae64abd19e4
  ObjectiveSugar: f48793f5902c77cfc02a4ce46d2e8ecddcad4dc2

COCOAPODS: 0.36.1
